
Microsoft Visual Studio Solution File, Format Version 12.00
# Visual Studio 15
VisualStudioVersion = 15.0.28307.779
MinimumVisualStudioVersion = 10.0.40219.1
Project("{9A19103F-16F7-4668-BE54-9A1E7A4F7556}") = "TEDUCoreApp", "TEDUCoreApp\TEDUCoreApp.csproj", "{7D52F53E-FC1C-42EB-8350-685A9580CCFF}"
EndProject
Project("{FAE04EC0-301F-11D3-BF4B-00C04F79EFBC}") = "TeduCoreApp.Infastructure", "TeduCoreApp.Infastructure\TeduCoreApp.Infastructure.csproj", "{F0E31E33-A4C2-4A81-AB9D-FED90733F607}"
EndProject
Project("{FAE04EC0-301F-11D3-BF4B-00C04F79EFBC}") = "TeduCoreApp.Utiliti", "TeduCoreApp.Utiliti\TeduCoreApp.Utiliti.csproj", "{9FA9AB82-16E3-4821-8587-8CB9D3C5BFEF}"
EndProject
Project("{FAE04EC0-301F-11D3-BF4B-00C04F79EFBC}") = "TEduCoreApp.Data", "TEduCoreApp.Data\TEduCoreApp.Data.csproj", "{0DF934B8-0EA2-41D5-B86B-83C006B4AD25}"
EndProject
Project("{FAE04EC0-301F-11D3-BF4B-00C04F79EFBC}") = "TEDUCoreApp.DataEF", "TEDUCoreApp.DataEF\TEDUCoreApp.DataEF.csproj", "{82E5058C-988E-4711-8D9B-B37FC6718EA9}"
EndProject
Project("{FAE04EC0-301F-11D3-BF4B-00C04F79EFBC}") = "TEDUCoreApp.Service", "TEDUCoreApp.Service\TEDUCoreApp.Service.csproj", "{5FDA6298-947D-46A3-A223-F8066A2976AB}"
EndProject
Project("{2150E333-8FDC-42A3-9474-1A3956D46DE8}") = "2. Presentation", "2. Presentation", "{6C30A213-A9EC-4633-A815-5249A963868A}"
EndProject
Project("{2150E333-8FDC-42A3-9474-1A3956D46DE8}") = "1. Application", "1. Application", "{87636713-F98A-4D82-9CF4-9698C3DA8857}"
EndProject
Project("{2150E333-8FDC-42A3-9474-1A3956D46DE8}") = "3. Data", "3. Data", "{06921357-74B9-4E92-89A4-CC3823D77048}"
EndProject
Project("{2150E333-8FDC-42A3-9474-1A3956D46DE8}") = "4. Infastructure", "4. Infastructure", "{25036AD1-56DF-43C3-96DF-5105B30AEF53}"
EndProject
Global
	GlobalSection(SolutionConfigurationPlatforms) = preSolution
		Debug|Any CPU = Debug|Any CPU
		Release|Any CPU = Release|Any CPU
	EndGlobalSection
	GlobalSection(ProjectConfigurationPlatforms) = postSolution
		{7D52F53E-FC1C-42EB-8350-685A9580CCFF}.Debug|Any CPU.ActiveCfg = Debug|Any CPU
		{7D52F53E-FC1C-42EB-8350-685A9580CCFF}.Debug|Any CPU.Build.0 = Debug|Any CPU
		{7D52F53E-FC1C-42EB-8350-685A9580CCFF}.Release|Any CPU.ActiveCfg = Release|Any CPU
		{7D52F53E-FC1C-42EB-8350-685A9580CCFF}.Release|Any CPU.Build.0 = Release|Any CPU
		{F0E31E33-A4C2-4A81-AB9D-FED90733F607}.Debug|Any CPU.ActiveCfg = Debug|Any CPU
		{F0E31E33-A4C2-4A81-AB9D-FED90733F607}.Debug|Any CPU.Build.0 = Debug|Any CPU
		{F0E31E33-A4C2-4A81-AB9D-FED90733F607}.Release|Any CPU.ActiveCfg = Release|Any CPU
		{F0E31E33-A4C2-4A81-AB9D-FED90733F607}.Release|Any CPU.Build.0 = Release|Any CPU
		{9FA9AB82-16E3-4821-8587-8CB9D3C5BFEF}.Debug|Any CPU.ActiveCfg = Debug|Any CPU
		{9FA9AB82-16E3-4821-8587-8CB9D3C5BFEF}.Debug|Any CPU.Build.0 = Debug|Any CPU
		{9FA9AB82-16E3-4821-8587-8CB9D3C5BFEF}.Release|Any CPU.ActiveCfg = Release|Any CPU
		{9FA9AB82-16E3-4821-8587-8CB9D3C5BFEF}.Release|Any CPU.Build.0 = Release|Any CPU
		{0DF934B8-0EA2-41D5-B86B-83C006B4AD25}.Debug|Any CPU.ActiveCfg = Debug|Any CPU
		{0DF934B8-0EA2-41D5-B86B-83C006B4AD25}.Debug|Any CPU.Build.0 = Debug|Any CPU
		{0DF934B8-0EA2-41D5-B86B-83C006B4AD25}.Release|Any CPU.ActiveCfg = Release|Any CPU
		{0DF934B8-0EA2-41D5-B86B-83C006B4AD25}.Release|Any CPU.Build.0 = Release|Any CPU
		{82E5058C-988E-4711-8D9B-B37FC6718EA9}.Debug|Any CPU.ActiveCfg = Debug|Any CPU
		{82E5058C-988E-4711-8D9B-B37FC6718EA9}.Debug|Any CPU.Build.0 = Debug|Any CPU
		{82E5058C-988E-4711-8D9B-B37FC6718EA9}.Release|Any CPU.ActiveCfg = Release|Any CPU
		{82E5058C-988E-4711-8D9B-B37FC6718EA9}.Release|Any CPU.Build.0 = Release|Any CPU
		{5FDA6298-947D-46A3-A223-F8066A2976AB}.Debug|Any CPU.ActiveCfg = Debug|Any CPU
		{5FDA6298-947D-46A3-A223-F8066A2976AB}.Debug|Any CPU.Build.0 = Debug|Any CPU
		{5FDA6298-947D-46A3-A223-F8066A2976AB}.Release|Any CPU.ActiveCfg = Release|Any CPU
		{5FDA6298-947D-46A3-A223-F8066A2976AB}.Release|Any CPU.Build.0 = Release|Any CPU
	EndGlobalSection
	GlobalSection(SolutionProperties) = preSolution
		HideSolutionNode = FALSE
	EndGlobalSection
	GlobalSection(NestedProjects) = preSolution
		{7D52F53E-FC1C-42EB-8350-685A9580CCFF} = {87636713-F98A-4D82-9CF4-9698C3DA8857}
		{F0E31E33-A4C2-4A81-AB9D-FED90733F607} = {25036AD1-56DF-43C3-96DF-5105B30AEF53}
		{9FA9AB82-16E3-4821-8587-8CB9D3C5BFEF} = {25036AD1-56DF-43C3-96DF-5105B30AEF53}
		{0DF934B8-0EA2-41D5-B86B-83C006B4AD25} = {06921357-74B9-4E92-89A4-CC3823D77048}
		{82E5058C-988E-4711-8D9B-B37FC6718EA9} = {06921357-74B9-4E92-89A4-CC3823D77048}
		{5FDA6298-947D-46A3-A223-F8066A2976AB} = {6C30A213-A9EC-4633-A815-5249A963868A}
	EndGlobalSection
	GlobalSection(ExtensibilityGlobals) = postSolution
		SolutionGuid = {E82B3F18-81E5-4406-9ECB-CFA4D73E4337}
	EndGlobalSection
EndGlobal
